
Microsoft Visual Studio Solution File, Format Version 12.00
# Visual Studio 15
VisualStudioVersion = 15.0.28307.757
MinimumVisualStudioVersion = 10.0.40219.1
Project("{FAE04EC0-301F-11D3-BF4B-00C04F79EFBC}") = "TestDrive.Android", "TestDrive\TestDrive.Android\TestDrive.Android.csproj", "{1EBA07B0-4704-4128-B3EF-C5272A48F658}"
EndProject
Project("{FAE04EC0-301F-11D3-BF4B-00C04F79EFBC}") = "TestDrive.iOS", "TestDrive\TestDrive.iOS\TestDrive.iOS.csproj", "{96921E22-D971-47FE-873B-D3B06F28A134}"
EndProject
Project("{FAE04EC0-301F-11D3-BF4B-00C04F79EFBC}") = "TestDrive.UWP", "TestDrive\TestDrive.UWP\TestDrive.UWP.csproj", "{7F2FB933-4EAD-466F-B257-9F035B433816}"
EndProject
Project("{FAE04EC0-301F-11D3-BF4B-00C04F79EFBC}") = "TestDrive", "TestDrive\TestDrive\TestDrive.csproj", "{C614A83B-EBD2-437D-88BC-F254AB587745}"
EndProject
Global
	GlobalSection(SolutionConfigurationPlatforms) = preSolution
		Ad-Hoc|Any CPU = Ad-Hoc|Any CPU
		Ad-Hoc|ARM = Ad-Hoc|ARM
		Ad-Hoc|iPhone = Ad-Hoc|iPhone
		Ad-Hoc|iPhoneSimulator = Ad-Hoc|iPhoneSimulator
		Ad-Hoc|x64 = Ad-Hoc|x64
		Ad-Hoc|x86 = Ad-Hoc|x86
		AppStore|Any CPU = AppStore|Any CPU
		AppStore|ARM = AppStore|ARM
		AppStore|iPhone = AppStore|iPhone
		AppStore|iPhoneSimulator = AppStore|iPhoneSimulator
		AppStore|x64 = AppStore|x64
		AppStore|x86 = AppStore|x86
		Debug|Any CPU = Debug|Any CPU
		Debug|ARM = Debug|ARM
		Debug|iPhone = Debug|iPhone
		Debug|iPhoneSimulator = Debug|iPhoneSimulator
		Debug|x64 = Debug|x64
		Debug|x86 = Debug|x86
		Release|Any CPU = Release|Any CPU
		Release|ARM = Release|ARM
		Release|iPhone = Release|iPhone
		Release|iPhoneSimulator = Release|iPhoneSimulator
		Release|x64 = Release|x64
		Release|x86 = Release|x86
	EndGlobalSection
	GlobalSection(ProjectConfigurationPlatforms) = postSolution
		{1EBA07B0-4704-4128-B3EF-C5272A48F658}.Ad-Hoc|Any CPU.ActiveCfg = Release|Any CPU
		{1EBA07B0-4704-4128-B3EF-C5272A48F658}.Ad-Hoc|Any CPU.Build.0 = Release|Any CPU
		{1EBA07B0-4704-4128-B3EF-C5272A48F658}.Ad-Hoc|Any CPU.Deploy.0 = Release|Any CPU
		{1EBA07B0-4704-4128-B3EF-C5272A48F658}.Ad-Hoc|ARM.ActiveCfg = Release|Any CPU
		{1EBA07B0-4704-4128-B3EF-C5272A48F658}.Ad-Hoc|ARM.Build.0 = Release|Any CPU
		{1EBA07B0-4704-4128-B3EF-C5272A48F658}.Ad-Hoc|ARM.Deploy.0 = Release|Any CPU
		{1EBA07B0-4704-4128-B3EF-C5272A48F658}.Ad-Hoc|iPhone.ActiveCfg = Release|Any CPU
		{1EBA07B0-4704-4128-B3EF-C5272A48F658}.Ad-Hoc|iPhone.Build.0 = Release|Any CPU
		{1EBA07B0-4704-4128-B3EF-C5272A48F658}.Ad-Hoc|iPhone.Deploy.0 = Release|Any CPU
		{1EBA07B0-4704-4128-B3EF-C5272A48F658}.Ad-Hoc|iPhoneSimulator.ActiveCfg = Release|Any CPU
		{1EBA07B0-4704-4128-B3EF-C5272A48F658}.Ad-Hoc|iPhoneSimulator.Build.0 = Release|Any CPU
		{1EBA07B0-4704-4128-B3EF-C5272A48F658}.Ad-Hoc|iPhoneSimulator.Deploy.0 = Release|Any CPU
		{1EBA07B0-4704-4128-B3EF-C5272A48F658}.Ad-Hoc|x64.ActiveCfg = Release|Any CPU
		{1EBA07B0-4704-4128-B3EF-C5272A48F658}.Ad-Hoc|x64.Build.0 = Release|Any CPU
		{1EBA07B0-4704-4128-B3EF-C5272A48F658}.Ad-Hoc|x64.Deploy.0 = Release|Any CPU
		{1EBA07B0-4704-4128-B3EF-C5272A48F658}.Ad-Hoc|x86.ActiveCfg = Release|Any CPU
		{1EBA07B0-4704-4128-B3EF-C5272A48F658}.Ad-Hoc|x86.Build.0 = Release|Any CPU
		{1EBA07B0-4704-4128-B3EF-C5272A48F658}.Ad-Hoc|x86.Deploy.0 = Release|Any CPU
		{1EBA07B0-4704-4128-B3EF-C5272A48F658}.AppStore|Any CPU.ActiveCfg = Release|Any CPU
		{1EBA07B0-4704-4128-B3EF-C5272A48F658}.AppStore|Any CPU.Build.0 = Release|Any CPU
		{1EBA07B0-4704-4128-B3EF-C5272A48F658}.AppStore|Any CPU.Deploy.0 = Release|Any CPU
		{1EBA07B0-4704-4128-B3EF-C5272A48F658}.AppStore|ARM.ActiveCfg = Release|Any CPU
		{1EBA07B0-4704-4128-B3EF-C5272A48F658}.AppStore|ARM.Build.0 = Release|Any CPU
		{1EBA07B0-4704-4128-B3EF-C5272A48F658}.AppStore|ARM.Deploy.0 = Release|Any CPU
		{1EBA07B0-4704-4128-B3EF-C5272A48F658}.AppStore|iPhone.ActiveCfg = Release|Any CPU
		{1EBA07B0-4704-4128-B3EF-C5272A48F658}.AppStore|iPhone.Build.0 = Release|Any CPU
		{1EBA07B0-4704-4128-B3EF-C5272A48F658}.AppStore|iPhone.Deploy.0 = Release|Any CPU
		{1EBA07B0-4704-4128-B3EF-C5272A48F658}.AppStore|iPhoneSimulator.ActiveCfg = Release|Any CPU
		{1EBA07B0-4704-4128-B3EF-C5272A48F658}.AppStore|iPhoneSimulator.Build.0 = Release|Any CPU
		{1EBA07B0-4704-4128-B3EF-C5272A48F658}.AppStore|iPhoneSimulator.Deploy.0 = Release|Any CPU
		{1EBA07B0-4704-4128-B3EF-C5272A48F658}.AppStore|x64.ActiveCfg = Release|Any CPU
		{1EBA07B0-4704-4128-B3EF-C5272A48F658}.AppStore|x64.Build.0 = Release|Any CPU
		{1EBA07B0-4704-4128-B3EF-C5272A48F658}.AppStore|x64.Deploy.0 = Release|Any CPU
		{1EBA07B0-4704-4128-B3EF-C5272A48F658}.AppStore|x86.ActiveCfg = Release|Any CPU
		{1EBA07B0-4704-4128-B3EF-C5272A48F658}.AppStore|x86.Build.0 = Release|Any CPU
		{1EBA07B0-4704-4128-B3EF-C5272A48F658}.AppStore|x86.Deploy.0 = Release|Any CPU
		{1EBA07B0-4704-4128-B3EF-C5272A48F658}.Debug|Any CPU.ActiveCfg = Debug|Any CPU
		{1EBA07B0-4704-4128-B3EF-C5272A48F658}.Debug|Any CPU.Build.0 = Debug|Any CPU
		{1EBA07B0-4704-4128-B3EF-C5272A48F658}.Debug|Any CPU.Deploy.0 = Debug|Any CPU
		{1EBA07B0-4704-4128-B3EF-C5272A48F658}.Debug|ARM.ActiveCfg = Debug|Any CPU
		{1EBA07B0-4704-4128-B3EF-C5272A48F658}.Debug|ARM.Build.0 = Debug|Any CPU
		{1EBA07B0-4704-4128-B3EF-C5272A48F658}.Debug|ARM.Deploy.0 = Debug|Any CPU
		{1EBA07B0-4704-4128-B3EF-C5272A48F658}.Debug|iPhone.ActiveCfg = Debug|Any CPU
		{1EBA07B0-4704-4128-B3EF-C5272A48F658}.Debug|iPhone.Build.0 = Debug|Any CPU
		{1EBA07B0-4704-4128-B3EF-C5272A48F658}.Debug|iPhone.Deploy.0 = Debug|Any CPU
		{1EBA07B0-4704-4128-B3EF-C5272A48F658}.Debug|iPhoneSimulator.ActiveCfg = Debug|Any CPU
		{1EBA07B0-4704-4128-B3EF-C5272A48F658}.Debug|iPhoneSimulator.Build.0 = Debug|Any CPU
		{1EBA07B0-4704-4128-B3EF-C5272A48F658}.Debug|iPhoneSimulator.Deploy.0 = Debug|Any CPU
		{1EBA07B0-4704-4128-B3EF-C5272A48F658}.Debug|x64.ActiveCfg = Debug|Any CPU
		{1EBA07B0-4704-4128-B3EF-C5272A48F658}.Debug|x64.Build.0 = Debug|Any CPU
		{1EBA07B0-4704-4128-B3EF-C5272A48F658}.Debug|x64.Deploy.0 = Debug|Any CPU
		{1EBA07B0-4704-4128-B3EF-C5272A48F658}.Debug|x86.ActiveCfg = Debug|Any CPU
		{1EBA07B0-4704-4128-B3EF-C5272A48F658}.Debug|x86.Build.0 = Debug|Any CPU
		{1EBA07B0-4704-4128-B3EF-C5272A48F658}.Debug|x86.Deploy.0 = Debug|Any CPU
		{1EBA07B0-4704-4128-B3EF-C5272A48F658}.Release|Any CPU.ActiveCfg = Release|Any CPU
		{1EBA07B0-4704-4128-B3EF-C5272A48F658}.Release|Any CPU.Build.0 = Release|Any CPU
		{1EBA07B0-4704-4128-B3EF-C5272A48F658}.Release|Any CPU.Deploy.0 = Release|Any CPU
		{1EBA07B0-4704-4128-B3EF-C5272A48F658}.Release|ARM.ActiveCfg = Release|Any CPU
		{1EBA07B0-4704-4128-B3EF-C5272A48F658}.Release|ARM.Build.0 = Release|Any CPU
		{1EBA07B0-4704-4128-B3EF-C5272A48F658}.Release|ARM.Deploy.0 = Release|Any CPU
		{1EBA07B0-4704-4128-B3EF-C5272A48F658}.Release|iPhone.ActiveCfg = Release|Any CPU
		{1EBA07B0-4704-4128-B3EF-C5272A48F658}.Release|iPhone.Build.0 = Release|Any CPU
		{1EBA07B0-4704-4128-B3EF-C5272A48F658}.Release|iPhone.Deploy.0 = Release|Any CPU
		{1EBA07B0-4704-4128-B3EF-C5272A48F658}.Release|iPhoneSimulator.ActiveCfg = Release|Any CPU
		{1EBA07B0-4704-4128-B3EF-C5272A48F658}.Release|iPhoneSimulator.Build.0 = Release|Any CPU
		{1EBA07B0-4704-4128-B3EF-C5272A48F658}.Release|iPhoneSimulator.Deploy.0 = Release|Any CPU
		{1EBA07B0-4704-4128-B3EF-C5272A48F658}.Release|x64.ActiveCfg = Release|Any CPU
		{1EBA07B0-4704-4128-B3EF-C5272A48F658}.Release|x64.Build.0 = Release|Any CPU
		{1EBA07B0-4704-4128-B3EF-C5272A48F658}.Release|x64.Deploy.0 = Release|Any CPU
		{1EBA07B0-4704-4128-B3EF-C5272A48F658}.Release|x86.ActiveCfg = Release|Any CPU
		{1EBA07B0-4704-4128-B3EF-C5272A48F658}.Release|x86.Build.0 = Release|Any CPU
		{1EBA07B0-4704-4128-B3EF-C5272A48F658}.Release|x86.Deploy.0 = Release|Any CPU
		{96921E22-D971-47FE-873B-D3B06F28A134}.Ad-Hoc|Any CPU.ActiveCfg = Ad-Hoc|iPhone
		{96921E22-D971-47FE-873B-D3B06F28A134}.Ad-Hoc|Any CPU.Build.0 = Ad-Hoc|iPhone
		{96921E22-D971-47FE-873B-D3B06F28A134}.Ad-Hoc|Any CPU.Deploy.0 = Ad-Hoc|iPhone
		{96921E22-D971-47FE-873B-D3B06F28A134}.Ad-Hoc|ARM.ActiveCfg = Ad-Hoc|iPhone
		{96921E22-D971-47FE-873B-D3B06F28A134}.Ad-Hoc|ARM.Build.0 = Ad-Hoc|iPhone
		{96921E22-D971-47FE-873B-D3B06F28A134}.Ad-Hoc|ARM.Deploy.0 = Ad-Hoc|iPhone
		{96921E22-D971-47FE-873B-D3B06F28A134}.Ad-Hoc|iPhone.ActiveCfg = Ad-Hoc|iPhone
		{96921E22-D971-47FE-873B-D3B06F28A134}.Ad-Hoc|iPhone.Build.0 = Ad-Hoc|iPhone
		{96921E22-D971-47FE-873B-D3B06F28A134}.Ad-Hoc|iPhone.Deploy.0 = Ad-Hoc|iPhone
		{96921E22-D971-47FE-873B-D3B06F28A134}.Ad-Hoc|iPhoneSimulator.ActiveCfg = Ad-Hoc|iPhoneSimulator
		{96921E22-D971-47FE-873B-D3B06F28A134}.Ad-Hoc|iPhoneSimulator.Build.0 = Ad-Hoc|iPhoneSimulator
		{96921E22-D971-47FE-873B-D3B06F28A134}.Ad-Hoc|iPhoneSimulator.Deploy.0 = Ad-Hoc|iPhoneSimulator
		{96921E22-D971-47FE-873B-D3B06F28A134}.Ad-Hoc|x64.ActiveCfg = Ad-Hoc|iPhone
		{96921E22-D971-47FE-873B-D3B06F28A134}.Ad-Hoc|x64.Build.0 = Ad-Hoc|iPhone
		{96921E22-D971-47FE-873B-D3B06F28A134}.Ad-Hoc|x64.Deploy.0 = Ad-Hoc|iPhone
		{96921E22-D971-47FE-873B-D3B06F28A134}.Ad-Hoc|x86.ActiveCfg = Ad-Hoc|iPhone
		{96921E22-D971-47FE-873B-D3B06F28A134}.Ad-Hoc|x86.Build.0 = Ad-Hoc|iPhone
		{96921E22-D971-47FE-873B-D3B06F28A134}.Ad-Hoc|x86.Deploy.0 = Ad-Hoc|iPhone
		{96921E22-D971-47FE-873B-D3B06F28A134}.AppStore|Any CPU.ActiveCfg = AppStore|iPhone
		{96921E22-D971-47FE-873B-D3B06F28A134}.AppStore|Any CPU.Build.0 = AppStore|iPhone
		{96921E22-D971-47FE-873B-D3B06F28A134}.AppStore|Any CPU.Deploy.0 = AppStore|iPhone
		{96921E22-D971-47FE-873B-D3B06F28A134}.AppStore|ARM.ActiveCfg = AppStore|iPhone
		{96921E22-D971-47FE-873B-D3B06F28A134}.AppStore|ARM.Build.0 = AppStore|iPhone
		{96921E22-D971-47FE-873B-D3B06F28A134}.AppStore|ARM.Deploy.0 = AppStore|iPhone
		{96921E22-D971-47FE-873B-D3B06F28A134}.AppStore|iPhone.ActiveCfg = AppStore|iPhone
		{96921E22-D971-47FE-873B-D3B06F28A134}.AppStore|iPhone.Build.0 = AppStore|iPhone
		{96921E22-D971-47FE-873B-D3B06F28A134}.AppStore|iPhone.Deploy.0 = AppStore|iPhone
		{96921E22-D971-47FE-873B-D3B06F28A134}.AppStore|iPhoneSimulator.ActiveCfg = AppStore|iPhoneSimulator
		{96921E22-D971-47FE-873B-D3B06F28A134}.AppStore|iPhoneSimulator.Build.0 = AppStore|iPhoneSimulator
		{96921E22-D971-47FE-873B-D3B06F28A134}.AppStore|iPhoneSimulator.Deploy.0 = AppStore|iPhoneSimulator
		{96921E22-D971-47FE-873B-D3B06F28A134}.AppStore|x64.ActiveCfg = AppStore|iPhone
		{96921E22-D971-47FE-873B-D3B06F28A134}.AppStore|x64.Build.0 = AppStore|iPhone
		{96921E22-D971-47FE-873B-D3B06F28A134}.AppStore|x64.Deploy.0 = AppStore|iPhone
		{96921E22-D971-47FE-873B-D3B06F28A134}.AppStore|x86.ActiveCfg = AppStore|iPhone
		{96921E22-D971-47FE-873B-D3B06F28A134}.AppStore|x86.Build.0 = AppStore|iPhone
		{96921E22-D971-47FE-873B-D3B06F28A134}.AppStore|x86.Deploy.0 = AppStore|iPhone
		{96921E22-D971-47FE-873B-D3B06F28A134}.Debug|Any CPU.ActiveCfg = Debug|iPhoneSimulator
		{96921E22-D971-47FE-873B-D3B06F28A134}.Debug|Any CPU.Deploy.0 = Debug|iPhoneSimulator
		{96921E22-D971-47FE-873B-D3B06F28A134}.Debug|ARM.ActiveCfg = Debug|iPhone
		{96921E22-D971-47FE-873B-D3B06F28A134}.Debug|ARM.Build.0 = Debug|iPhone
		{96921E22-D971-47FE-873B-D3B06F28A134}.Debug|ARM.Deploy.0 = Debug|iPhone
		{96921E22-D971-47FE-873B-D3B06F28A134}.Debug|iPhone.ActiveCfg = Debug|iPhone
		{96921E22-D971-47FE-873B-D3B06F28A134}.Debug|iPhone.Build.0 = Debug|iPhone
		{96921E22-D971-47FE-873B-D3B06F28A134}.Debug|iPhone.Deploy.0 = Debug|iPhone
		{96921E22-D971-47FE-873B-D3B06F28A134}.Debug|iPhoneSimulator.ActiveCfg = Debug|iPhoneSimulator
		{96921E22-D971-47FE-873B-D3B06F28A134}.Debug|iPhoneSimulator.Build.0 = Debug|iPhoneSimulator
		{96921E22-D971-47FE-873B-D3B06F28A134}.Debug|iPhoneSimulator.Deploy.0 = Debug|iPhoneSimulator
		{96921E22-D971-47FE-873B-D3B06F28A134}.Debug|x64.ActiveCfg = Debug|iPhone
		{96921E22-D971-47FE-873B-D3B06F28A134}.Debug|x64.Build.0 = Debug|iPhone
		{96921E22-D971-47FE-873B-D3B06F28A134}.Debug|x64.Deploy.0 = Debug|iPhone
		{96921E22-D971-47FE-873B-D3B06F28A134}.Debug|x86.ActiveCfg = Debug|iPhone
		{96921E22-D971-47FE-873B-D3B06F28A134}.Debug|x86.Build.0 = Debug|iPhone
		{96921E22-D971-47FE-873B-D3B06F28A134}.Debug|x86.Deploy.0 = Debug|iPhone
		{96921E22-D971-47FE-873B-D3B06F28A134}.Release|Any CPU.ActiveCfg = Release|iPhone
		{96921E22-D971-47FE-873B-D3B06F28A134}.Release|Any CPU.Build.0 = Release|iPhone
		{96921E22-D971-47FE-873B-D3B06F28A134}.Release|Any CPU.Deploy.0 = Release|iPhone
		{96921E22-D971-47FE-873B-D3B06F28A134}.Release|ARM.ActiveCfg = Release|iPhone
		{96921E22-D971-47FE-873B-D3B06F28A134}.Release|ARM.Build.0 = Release|iPhone
		{96921E22-D971-47FE-873B-D3B06F28A134}.Release|ARM.Deploy.0 = Release|iPhone
		{96921E22-D971-47FE-873B-D3B06F28A134}.Release|iPhone.ActiveCfg = Release|iPhone
		{96921E22-D971-47FE-873B-D3B06F28A134}.Release|iPhone.Build.0 = Release|iPhone
		{96921E22-D971-47FE-873B-D3B06F28A134}.Release|iPhone.Deploy.0 = Release|iPhone
		{96921E22-D971-47FE-873B-D3B06F28A134}.Release|iPhoneSimulator.ActiveCfg = Release|iPhoneSimulator
		{96921E22-D971-47FE-873B-D3B06F28A134}.Release|iPhoneSimulator.Build.0 = Release|iPhoneSimulator
		{96921E22-D971-47FE-873B-D3B06F28A134}.Release|iPhoneSimulator.Deploy.0 = Release|iPhoneSimulator
		{96921E22-D971-47FE-873B-D3B06F28A134}.Release|x64.ActiveCfg = Release|iPhone
		{96921E22-D971-47FE-873B-D3B06F28A134}.Release|x64.Build.0 = Release|iPhone
		{96921E22-D971-47FE-873B-D3B06F28A134}.Release|x64.Deploy.0 = Release|iPhone
		{96921E22-D971-47FE-873B-D3B06F28A134}.Release|x86.ActiveCfg = Release|iPhone
		{96921E22-D971-47FE-873B-D3B06F28A134}.Release|x86.Build.0 = Release|iPhone
		{96921E22-D971-47FE-873B-D3B06F28A134}.Release|x86.Deploy.0 = Release|iPhone
		{7F2FB933-4EAD-466F-B257-9F035B433816}.Ad-Hoc|Any CPU.ActiveCfg = Release|x86
		{7F2FB933-4EAD-466F-B257-9F035B433816}.Ad-Hoc|Any CPU.Build.0 = Release|x86
		{7F2FB933-4EAD-466F-B257-9F035B433816}.Ad-Hoc|Any CPU.Deploy.0 = Release|x86
		{7F2FB933-4EAD-466F-B257-9F035B433816}.Ad-Hoc|ARM.ActiveCfg = Release|ARM
		{7F2FB933-4EAD-466F-B257-9F035B433816}.Ad-Hoc|ARM.Build.0 = Release|ARM
		{7F2FB933-4EAD-466F-B257-9F035B433816}.Ad-Hoc|ARM.Deploy.0 = Release|ARM
		{7F2FB933-4EAD-466F-B257-9F035B433816}.Ad-Hoc|iPhone.ActiveCfg = Release|x86
		{7F2FB933-4EAD-466F-B257-9F035B433816}.Ad-Hoc|iPhone.Build.0 = Release|x86
		{7F2FB933-4EAD-466F-B257-9F035B433816}.Ad-Hoc|iPhone.Deploy.0 = Release|x86
		{7F2FB933-4EAD-466F-B257-9F035B433816}.Ad-Hoc|iPhoneSimulator.ActiveCfg = Release|x86
		{7F2FB933-4EAD-466F-B257-9F035B433816}.Ad-Hoc|iPhoneSimulator.Build.0 = Release|x86
		{7F2FB933-4EAD-466F-B257-9F035B433816}.Ad-Hoc|iPhoneSimulator.Deploy.0 = Release|x86
		{7F2FB933-4EAD-466F-B257-9F035B433816}.Ad-Hoc|x64.ActiveCfg = Release|x64
		{7F2FB933-4EAD-466F-B257-9F035B433816}.Ad-Hoc|x64.Build.0 = Release|x64
		{7F2FB933-4EAD-466F-B257-9F035B433816}.Ad-Hoc|x64.Deploy.0 = Release|x64
		{7F2FB933-4EAD-466F-B257-9F035B433816}.Ad-Hoc|x86.ActiveCfg = Release|x86
		{7F2FB933-4EAD-466F-B257-9F035B433816}.Ad-Hoc|x86.Build.0 = Release|x86
		{7F2FB933-4EAD-466F-B257-9F035B433816}.Ad-Hoc|x86.Deploy.0 = Release|x86
		{7F2FB933-4EAD-466F-B257-9F035B433816}.AppStore|Any CPU.ActiveCfg = Release|x86
		{7F2FB933-4EAD-466F-B257-9F035B433816}.AppStore|Any CPU.Build.0 = Release|x86
		{7F2FB933-4EAD-466F-B257-9F035B433816}.AppStore|Any CPU.Deploy.0 = Release|x86
		{7F2FB933-4EAD-466F-B257-9F035B433816}.AppStore|ARM.ActiveCfg = Release|ARM
		{7F2FB933-4EAD-466F-B257-9F035B433816}.AppStore|ARM.Build.0 = Release|ARM
		{7F2FB933-4EAD-466F-B257-9F035B433816}.AppStore|ARM.Deploy.0 = Release|ARM
		{7F2FB933-4EAD-466F-B257-9F035B433816}.AppStore|iPhone.ActiveCfg = Release|x86
		{7F2FB933-4EAD-466F-B257-9F035B433816}.AppStore|iPhone.Build.0 = Release|x86
		{7F2FB933-4EAD-466F-B257-9F035B433816}.AppStore|iPhone.Deploy.0 = Release|x86
		{7F2FB933-4EAD-466F-B257-9F035B433816}.AppStore|iPhoneSimulator.ActiveCfg = Release|x86
		{7F2FB933-4EAD-466F-B257-9F035B433816}.AppStore|iPhoneSimulator.Build.0 = Release|x86
		{7F2FB933-4EAD-466F-B257-9F035B433816}.AppStore|iPhoneSimulator.Deploy.0 = Release|x86
		{7F2FB933-4EAD-466F-B257-9F035B433816}.AppStore|x64.ActiveCfg = Release|x64
		{7F2FB933-4EAD-466F-B257-9F035B433816}.AppStore|x64.Build.0 = Release|x64
		{7F2FB933-4EAD-466F-B257-9F035B433816}.AppStore|x64.Deploy.0 = Release|x64
		{7F2FB933-4EAD-466F-B257-9F035B433816}.AppStore|x86.ActiveCfg = Release|x86
		{7F2FB933-4EAD-466F-B257-9F035B433816}.AppStore|x86.Build.0 = Release|x86
		{7F2FB933-4EAD-466F-B257-9F035B433816}.AppStore|x86.Deploy.0 = Release|x86
		{7F2FB933-4EAD-466F-B257-9F035B433816}.Debug|Any CPU.ActiveCfg = Debug|x86
		{7F2FB933-4EAD-466F-B257-9F035B433816}.Debug|ARM.ActiveCfg = Debug|ARM
		{7F2FB933-4EAD-466F-B257-9F035B433816}.Debug|ARM.Build.0 = Debug|ARM
		{7F2FB933-4EAD-466F-B257-9F035B433816}.Debug|ARM.Deploy.0 = Debug|ARM
		{7F2FB933-4EAD-466F-B257-9F035B433816}.Debug|iPhone.ActiveCfg = Debug|x86
		{7F2FB933-4EAD-466F-B257-9F035B433816}.Debug|iPhone.Build.0 = Debug|x86
		{7F2FB933-4EAD-466F-B257-9F035B433816}.Debug|iPhone.Deploy.0 = Debug|x86
		{7F2FB933-4EAD-466F-B257-9F035B433816}.Debug|iPhoneSimulator.ActiveCfg = Debug|x86
		{7F2FB933-4EAD-466F-B257-9F035B433816}.Debug|iPhoneSimulator.Build.0 = Debug|x86
		{7F2FB933-4EAD-466F-B257-9F035B433816}.Debug|iPhoneSimulator.Deploy.0 = Debug|x86
		{7F2FB933-4EAD-466F-B257-9F035B433816}.Debug|x64.ActiveCfg = Debug|x64
		{7F2FB933-4EAD-466F-B257-9F035B433816}.Debug|x64.Build.0 = Debug|x64
		{7F2FB933-4EAD-466F-B257-9F035B433816}.Debug|x64.Deploy.0 = Debug|x64
		{7F2FB933-4EAD-466F-B257-9F035B433816}.Debug|x86.ActiveCfg = Debug|x86
		{7F2FB933-4EAD-466F-B257-9F035B433816}.Debug|x86.Build.0 = Debug|x86
		{7F2FB933-4EAD-466F-B257-9F035B433816}.Debug|x86.Deploy.0 = Debug|x86
		{7F2FB933-4EAD-466F-B257-9F035B433816}.Release|Any CPU.ActiveCfg = Release|x86
		{7F2FB933-4EAD-466F-B257-9F035B433816}.Release|Any CPU.Build.0 = Release|x86
		{7F2FB933-4EAD-466F-B257-9F035B433816}.Release|Any CPU.Deploy.0 = Release|x86
		{7F2FB933-4EAD-466F-B257-9F035B433816}.Release|ARM.ActiveCfg = Release|ARM
		{7F2FB933-4EAD-466F-B257-9F035B433816}.Release|ARM.Build.0 = Release|ARM
		{7F2FB933-4EAD-466F-B257-9F035B433816}.Release|ARM.Deploy.0 = Release|ARM
		{7F2FB933-4EAD-466F-B257-9F035B433816}.Release|iPhone.ActiveCfg = Release|x86
		{7F2FB933-4EAD-466F-B257-9F035B433816}.Release|iPhone.Build.0 = Release|x86
		{7F2FB933-4EAD-466F-B257-9F035B433816}.Release|iPhone.Deploy.0 = Release|x86
		{7F2FB933-4EAD-466F-B257-9F035B433816}.Release|iPhoneSimulator.ActiveCfg = Release|x86
		{7F2FB933-4EAD-466F-B257-9F035B433816}.Release|iPhoneSimulator.Build.0 = Release|x86
		{7F2FB933-4EAD-466F-B257-9F035B433816}.Release|iPhoneSimulator.Deploy.0 = Release|x86
		{7F2FB933-4EAD-466F-B257-9F035B433816}.Release|x64.ActiveCfg = Release|x64
		{7F2FB933-4EAD-466F-B257-9F035B433816}.Release|x64.Build.0 = Release|x64
		{7F2FB933-4EAD-466F-B257-9F035B433816}.Release|x64.Deploy.0 = Release|x64
		{7F2FB933-4EAD-466F-B257-9F035B433816}.Release|x86.ActiveCfg = Release|x86
		{7F2FB933-4EAD-466F-B257-9F035B433816}.Release|x86.Build.0 = Release|x86
		{7F2FB933-4EAD-466F-B257-9F035B433816}.Release|x86.Deploy.0 = Release|x86
		{C614A83B-EBD2-437D-88BC-F254AB587745}.Ad-Hoc|Any CPU.ActiveCfg = Debug|Any CPU
		{C614A83B-EBD2-437D-88BC-F254AB587745}.Ad-Hoc|Any CPU.Build.0 = Debug|Any CPU
		{C614A83B-EBD2-437D-88BC-F254AB587745}.Ad-Hoc|Any CPU.Deploy.0 = Debug|Any CPU
		{C614A83B-EBD2-437D-88BC-F254AB587745}.Ad-Hoc|ARM.ActiveCfg = Debug|Any CPU
		{C614A83B-EBD2-437D-88BC-F254AB587745}.Ad-Hoc|ARM.Build.0 = Debug|Any CPU
		{C614A83B-EBD2-437D-88BC-F254AB587745}.Ad-Hoc|ARM.Deploy.0 = Debug|Any CPU
		{C614A83B-EBD2-437D-88BC-F254AB587745}.Ad-Hoc|iPhone.ActiveCfg = Debug|Any CPU
		{C614A83B-EBD2-437D-88BC-F254AB587745}.Ad-Hoc|iPhone.Build.0 = Debug|Any CPU
		{C614A83B-EBD2-437D-88BC-F254AB587745}.Ad-Hoc|iPhone.Deploy.0 = Debug|Any CPU
		{C614A83B-EBD2-437D-88BC-F254AB587745}.Ad-Hoc|iPhoneSimulator.ActiveCfg = Debug|Any CPU
		{C614A83B-EBD2-437D-88BC-F254AB587745}.Ad-Hoc|iPhoneSimulator.Build.0 = Debug|Any CPU
		{C614A83B-EBD2-437D-88BC-F254AB587745}.Ad-Hoc|iPhoneSimulator.Deploy.0 = Debug|Any CPU
		{C614A83B-EBD2-437D-88BC-F254AB587745}.Ad-Hoc|x64.ActiveCfg = Debug|Any CPU
		{C614A83B-EBD2-437D-88BC-F254AB587745}.Ad-Hoc|x64.Build.0 = Debug|Any CPU
		{C614A83B-EBD2-437D-88BC-F254AB587745}.Ad-Hoc|x64.Deploy.0 = Debug|Any CPU
		{C614A83B-EBD2-437D-88BC-F254AB587745}.Ad-Hoc|x86.ActiveCfg = Debug|Any CPU
		{C614A83B-EBD2-437D-88BC-F254AB587745}.Ad-Hoc|x86.Build.0 = Debug|Any CPU
		{C614A83B-EBD2-437D-88BC-F254AB587745}.Ad-Hoc|x86.Deploy.0 = Debug|Any CPU
		{C614A83B-EBD2-437D-88BC-F254AB587745}.AppStore|Any CPU.ActiveCfg = Debug|Any CPU
		{C614A83B-EBD2-437D-88BC-F254AB587745}.AppStore|Any CPU.Build.0 = Debug|Any CPU
		{C614A83B-EBD2-437D-88BC-F254AB587745}.AppStore|Any CPU.Deploy.0 = Debug|Any CPU
		{C614A83B-EBD2-437D-88BC-F254AB587745}.AppStore|ARM.ActiveCfg = Debug|Any CPU
		{C614A83B-EBD2-437D-88BC-F254AB587745}.AppStore|ARM.Build.0 = Debug|Any CPU
		{C614A83B-EBD2-437D-88BC-F254AB587745}.AppStore|ARM.Deploy.0 = Debug|Any CPU
		{C614A83B-EBD2-437D-88BC-F254AB587745}.AppStore|iPhone.ActiveCfg = Debug|Any CPU
		{C614A83B-EBD2-437D-88BC-F254AB587745}.AppStore|iPhone.Build.0 = Debug|Any CPU
		{C614A83B-EBD2-437D-88BC-F254AB587745}.AppStore|iPhone.Deploy.0 = Debug|Any CPU
		{C614A83B-EBD2-437D-88BC-F254AB587745}.AppStore|iPhoneSimulator.ActiveCfg = Debug|Any CPU
		{C614A83B-EBD2-437D-88BC-F254AB587745}.AppStore|iPhoneSimulator.Build.0 = Debug|Any CPU
		{C614A83B-EBD2-437D-88BC-F254AB587745}.AppStore|iPhoneSimulator.Deploy.0 = Debug|Any CPU
		{C614A83B-EBD2-437D-88BC-F254AB587745}.AppStore|x64.ActiveCfg = Debug|Any CPU
		{C614A83B-EBD2-437D-88BC-F254AB587745}.AppStore|x64.Build.0 = Debug|Any CPU
		{C614A83B-EBD2-437D-88BC-F254AB587745}.AppStore|x64.Deploy.0 = Debug|Any CPU
		{C614A83B-EBD2-437D-88BC-F254AB587745}.AppStore|x86.ActiveCfg = Debug|Any CPU
		{C614A83B-EBD2-437D-88BC-F254AB587745}.AppStore|x86.Build.0 = Debug|Any CPU
		{C614A83B-EBD2-437D-88BC-F254AB587745}.AppStore|x86.Deploy.0 = Debug|Any CPU
		{C614A83B-EBD2-437D-88BC-F254AB587745}.Debug|Any CPU.ActiveCfg = Debug|Any CPU
		{C614A83B-EBD2-437D-88BC-F254AB587745}.Debug|Any CPU.Build.0 = Debug|Any CPU
		{C614A83B-EBD2-437D-88BC-F254AB587745}.Debug|Any CPU.Deploy.0 = Debug|Any CPU
		{C614A83B-EBD2-437D-88BC-F254AB587745}.Debug|ARM.ActiveCfg = Debug|Any CPU
		{C614A83B-EBD2-437D-88BC-F254AB587745}.Debug|ARM.Build.0 = Debug|Any CPU
		{C614A83B-EBD2-437D-88BC-F254AB587745}.Debug|ARM.Deploy.0 = Debug|Any CPU
		{C614A83B-EBD2-437D-88BC-F254AB587745}.Debug|iPhone.ActiveCfg = Debug|Any CPU
		{C614A83B-EBD2-437D-88BC-F254AB587745}.Debug|iPhone.Build.0 = Debug|Any CPU
		{C614A83B-EBD2-437D-88BC-F254AB587745}.Debug|iPhone.Deploy.0 = Debug|Any CPU
		{C614A83B-EBD2-437D-88BC-F254AB587745}.Debug|iPhoneSimulator.ActiveCfg = Debug|Any CPU
		{C614A83B-EBD2-437D-88BC-F254AB587745}.Debug|iPhoneSimulator.Build.0 = Debug|Any CPU
		{C614A83B-EBD2-437D-88BC-F254AB587745}.Debug|iPhoneSimulator.Deploy.0 = Debug|Any CPU
		{C614A83B-EBD2-437D-88BC-F254AB587745}.Debug|x64.ActiveCfg = Debug|Any CPU
		{C614A83B-EBD2-437D-88BC-F254AB587745}.Debug|x64.Build.0 = Debug|Any CPU
		{C614A83B-EBD2-437D-88BC-F254AB587745}.Debug|x64.Deploy.0 = Debug|Any CPU
		{C614A83B-EBD2-437D-88BC-F254AB587745}.Debug|x86.ActiveCfg = Debug|Any CPU
		{C614A83B-EBD2-437D-88BC-F254AB587745}.Debug|x86.Build.0 = Debug|Any CPU
		{C614A83B-EBD2-437D-88BC-F254AB587745}.Debug|x86.Deploy.0 = Debug|Any CPU
		{C614A83B-EBD2-437D-88BC-F254AB587745}.Release|Any CPU.ActiveCfg = Release|Any CPU
		{C614A83B-EBD2-437D-88BC-F254AB587745}.Release|Any CPU.Build.0 = Release|Any CPU
		{C614A83B-EBD2-437D-88BC-F254AB587745}.Release|Any CPU.Deploy.0 = Release|Any CPU
		{C614A83B-EBD2-437D-88BC-F254AB587745}.Release|ARM.ActiveCfg = Release|Any CPU
		{C614A83B-EBD2-437D-88BC-F254AB587745}.Release|ARM.Build.0 = Release|Any CPU
		{C614A83B-EBD2-437D-88BC-F254AB587745}.Release|ARM.Deploy.0 = Release|Any CPU
		{C614A83B-EBD2-437D-88BC-F254AB587745}.Release|iPhone.ActiveCfg = Release|Any CPU
		{C614A83B-EBD2-437D-88BC-F254AB587745}.Release|iPhone.Build.0 = Release|Any CPU
		{C614A83B-EBD2-437D-88BC-F254AB587745}.Release|iPhone.Deploy.0 = Release|Any CPU
		{C614A83B-EBD2-437D-88BC-F254AB587745}.Release|iPhoneSimulator.ActiveCfg = Release|Any CPU
		{C614A83B-EBD2-437D-88BC-F254AB587745}.Release|iPhoneSimulator.Build.0 = Release|Any CPU
		{C614A83B-EBD2-437D-88BC-F254AB587745}.Release|iPhoneSimulator.Deploy.0 = Release|Any CPU
		{C614A83B-EBD2-437D-88BC-F254AB587745}.Release|x64.ActiveCfg = Release|Any CPU
		{C614A83B-EBD2-437D-88BC-F254AB587745}.Release|x64.Build.0 = Release|Any CPU
		{C614A83B-EBD2-437D-88BC-F254AB587745}.Release|x64.Deploy.0 = Release|Any CPU
		{C614A83B-EBD2-437D-88BC-F254AB587745}.Release|x86.ActiveCfg = Release|Any CPU
		{C614A83B-EBD2-437D-88BC-F254AB587745}.Release|x86.Build.0 = Release|Any CPU
		{C614A83B-EBD2-437D-88BC-F254AB587745}.Release|x86.Deploy.0 = Release|Any CPU
	EndGlobalSection
	GlobalSection(SolutionProperties) = preSolution
		HideSolutionNode = FALSE
	EndGlobalSection
	GlobalSection(ExtensibilityGlobals) = postSolution
		SolutionGuid = {EBE24836-FA41-459E-A226-2BC5E076F0A3}
	EndGlobalSection
EndGlobal
